
Microsoft Visual Studio Solution File, Format Version 12.00
# Visual Studio Version 16
VisualStudioVersion = 16.0.29001.49
MinimumVisualStudioVersion = 10.0.40219.1
Project("{FAE04EC0-301F-11D3-BF4B-00C04F79EFBC}") = "ExplicitInheritance", "ExplicitInheritance\ExplicitInheritance.csproj", "{B3988300-9890-417B-9511-7408D5A2EF92}"
EndProject
Global
	GlobalSection(SolutionConfigurationPlatforms) = preSolution
		Debug|Any CPU = Debug|Any CPU
		Release|Any CPU = Release|Any CPU
	EndGlobalSection
	GlobalSection(ProjectConfigurationPlatforms) = postSolution
		{B3988300-9890-417B-9511-7408D5A2EF92}.Debug|Any CPU.ActiveCfg = Debug|Any CPU
		{B3988300-9890-417B-9511-7408D5A2EF92}.Debug|Any CPU.Build.0 = Debug|Any CPU
		{B3988300-9890-417B-9511-7408D5A2EF92}.Release|Any CPU.ActiveCfg = Release|Any CPU
		{B3988300-9890-417B-9511-7408D5A2EF92}.Release|Any CPU.Build.0 = Release|Any CPU
	EndGlobalSection
	GlobalSection(SolutionProperties) = preSolution
		HideSolutionNode = FALSE
	EndGlobalSection
	GlobalSection(ExtensibilityGlobals) = postSolution
		SolutionGuid = {D336E71E-1611-4CA8-B626-086B92D2D000}
	EndGlobalSection
EndGlobal
