
Microsoft Visual Studio Solution File, Format Version 12.00
# Visual Studio Version 16
VisualStudioVersion = 16.0.29001.49
MinimumVisualStudioVersion = 10.0.40219.1
Project("{FAE04EC0-301F-11D3-BF4B-00C04F79EFBC}") = "GenericDeligate", "GenericDeligate\GenericDeligate.csproj", "{8F47D0FD-1784-453F-80A3-AD963C12F47E}"
EndProject
Global
	GlobalSection(SolutionConfigurationPlatforms) = preSolution
		Debug|Any CPU = Debug|Any CPU
		Release|Any CPU = Release|Any CPU
	EndGlobalSection
	GlobalSection(ProjectConfigurationPlatforms) = postSolution
		{8F47D0FD-1784-453F-80A3-AD963C12F47E}.Debug|Any CPU.ActiveCfg = Debug|Any CPU
		{8F47D0FD-1784-453F-80A3-AD963C12F47E}.Debug|Any CPU.Build.0 = Debug|Any CPU
		{8F47D0FD-1784-453F-80A3-AD963C12F47E}.Release|Any CPU.ActiveCfg = Release|Any CPU
		{8F47D0FD-1784-453F-80A3-AD963C12F47E}.Release|Any CPU.Build.0 = Release|Any CPU
	EndGlobalSection
	GlobalSection(SolutionProperties) = preSolution
		HideSolutionNode = FALSE
	EndGlobalSection
	GlobalSection(ExtensibilityGlobals) = postSolution
		SolutionGuid = {437E074E-B039-4B7F-93AF-D097B49CC763}
	EndGlobalSection
EndGlobal
