
Microsoft Visual Studio Solution File, Format Version 12.00
# Visual Studio Version 16
VisualStudioVersion = 16.0.29001.49
MinimumVisualStudioVersion = 10.0.40219.1
Project("{FAE04EC0-301F-11D3-BF4B-00C04F79EFBC}") = "GenericInterface", "GenericInterface\GenericInterface.csproj", "{8F474918-64D6-4490-858E-E3E164D12903}"
EndProject
Global
	GlobalSection(SolutionConfigurationPlatforms) = preSolution
		Debug|Any CPU = Debug|Any CPU
		Release|Any CPU = Release|Any CPU
	EndGlobalSection
	GlobalSection(ProjectConfigurationPlatforms) = postSolution
		{8F474918-64D6-4490-858E-E3E164D12903}.Debug|Any CPU.ActiveCfg = Debug|Any CPU
		{8F474918-64D6-4490-858E-E3E164D12903}.Debug|Any CPU.Build.0 = Debug|Any CPU
		{8F474918-64D6-4490-858E-E3E164D12903}.Release|Any CPU.ActiveCfg = Release|Any CPU
		{8F474918-64D6-4490-858E-E3E164D12903}.Release|Any CPU.Build.0 = Release|Any CPU
	EndGlobalSection
	GlobalSection(SolutionProperties) = preSolution
		HideSolutionNode = FALSE
	EndGlobalSection
	GlobalSection(ExtensibilityGlobals) = postSolution
		SolutionGuid = {22891B40-E840-4702-9477-D967CF3F8181}
	EndGlobalSection
EndGlobal
